
Microsoft Visual Studio Solution File, Format Version 11.00
# Visual Studio 2010
# SharpDevelop 4.4
Project("{FAE04EC0-301F-11D3-BF4B-00C04F79EFBC}") = "Tienda", "Tienda\Tienda.csproj", "{CFD14AE0-10D0-474B-BEBC-D2C40C8BB882}"
EndProject
Global
	GlobalSection(SolutionConfigurationPlatforms) = preSolution
		Debug|Any CPU = Debug|Any CPU
		Release|Any CPU = Release|Any CPU
	EndGlobalSection
	GlobalSection(ProjectConfigurationPlatforms) = postSolution
		{CFD14AE0-10D0-474B-BEBC-D2C40C8BB882}.Debug|Any CPU.Build.0 = Debug|Any CPU
		{CFD14AE0-10D0-474B-BEBC-D2C40C8BB882}.Debug|Any CPU.ActiveCfg = Debug|Any CPU
		{CFD14AE0-10D0-474B-BEBC-D2C40C8BB882}.Release|Any CPU.Build.0 = Release|Any CPU
		{CFD14AE0-10D0-474B-BEBC-D2C40C8BB882}.Release|Any CPU.ActiveCfg = Release|Any CPU
	EndGlobalSection
EndGlobal
