
Microsoft Visual Studio Solution File, Format Version 11.00
# Visual Studio 2010
# SharpDevelop 4.4
Project("{FAE04EC0-301F-11D3-BF4B-00C04F79EFBC}") = "INTERFAZ1", "INTERFAZ1\INTERFAZ1.csproj", "{4257C8D4-5BF6-49D0-B34E-82E79255D9E4}"
EndProject
Global
	GlobalSection(SolutionConfigurationPlatforms) = preSolution
		Debug|Any CPU = Debug|Any CPU
		Release|Any CPU = Release|Any CPU
	EndGlobalSection
	GlobalSection(ProjectConfigurationPlatforms) = postSolution
		{4257C8D4-5BF6-49D0-B34E-82E79255D9E4}.Debug|Any CPU.Build.0 = Debug|Any CPU
		{4257C8D4-5BF6-49D0-B34E-82E79255D9E4}.Debug|Any CPU.ActiveCfg = Debug|Any CPU
		{4257C8D4-5BF6-49D0-B34E-82E79255D9E4}.Release|Any CPU.Build.0 = Release|Any CPU
		{4257C8D4-5BF6-49D0-B34E-82E79255D9E4}.Release|Any CPU.ActiveCfg = Release|Any CPU
	EndGlobalSection
EndGlobal
